
Microsoft Visual Studio Solution File, Format Version 12.00
# Visual Studio Version 17
VisualStudioVersion = 17.0.32126.317
MinimumVisualStudioVersion = 10.0.40219.1
Project("{FAE04EC0-301F-11D3-BF4B-00C04F79EFBC}") = "Assignment1_3020", "Assignment1_3020\Assignment1_3020.csproj", "{429549DD-5913-4877-9B64-22F55349038E}"
EndProject
Global
	GlobalSection(SolutionConfigurationPlatforms) = preSolution
		Debug|Any CPU = Debug|Any CPU
		Release|Any CPU = Release|Any CPU
	EndGlobalSection
	GlobalSection(ProjectConfigurationPlatforms) = postSolution
		{429549DD-5913-4877-9B64-22F55349038E}.Debug|Any CPU.ActiveCfg = Debug|Any CPU
		{429549DD-5913-4877-9B64-22F55349038E}.Debug|Any CPU.Build.0 = Debug|Any CPU
		{429549DD-5913-4877-9B64-22F55349038E}.Release|Any CPU.ActiveCfg = Release|Any CPU
		{429549DD-5913-4877-9B64-22F55349038E}.Release|Any CPU.Build.0 = Release|Any CPU
	EndGlobalSection
	GlobalSection(SolutionProperties) = preSolution
		HideSolutionNode = FALSE
	EndGlobalSection
	GlobalSection(ExtensibilityGlobals) = postSolution
		SolutionGuid = {44B9A60A-BF05-4C2F-A5BA-9E5CF4E9425C}
	EndGlobalSection
EndGlobal
